// !$*UTF8*$!
{
	archiveVersion = 1;
	classes = {
	};
	objectVersion = 77;
	objects = {

/* Begin PBXBuildFile section */
		ED85CFCD2D09A01100ED39FC /* Auth in Frameworks */ = {isa = PBXBuildFile; productRef = ED85CFCC2D09A01100ED39FC /* Auth */; };
		ED85CFCF2D09A01100ED39FC /* Functions in Frameworks */ = {isa = PBXBuildFile; productRef = ED85CFCE2D09A01100ED39FC /* Functions */; };
		ED85CFD12D09A01100ED39FC /* PostgREST in Frameworks */ = {isa = PBXBuildFile; productRef = ED85CFD02D09A01100ED39FC /* PostgREST */; };
		ED85CFD32D09A01100ED39FC /* Realtime in Frameworks */ = {isa = PBXBuildFile; productRef = ED85CFD22D09A01100ED39FC /* Realtime */; };
		ED85CFD52D09A01100ED39FC /* Storage in Frameworks */ = {isa = PBXBuildFile; productRef = ED85CFD42D09A01100ED39FC /* Storage */; };
		ED85CFD72D09A01100ED39FC /* Supabase in Frameworks */ = {isa = PBXBuildFile; productRef = ED85CFD62D09A01100ED39FC /* Supabase */; };
/* End PBXBuildFile section */

/* Begin PBXContainerItemProxy section */
		ED6503632CF89FD900423E8F /* PBXContainerItemProxy */ = {
			isa = PBXContainerItemProxy;
			containerPortal = ED65034A2CF89FD700423E8F /* Project object */;
			proxyType = 1;
			remoteGlobalIDString = ED6503512CF89FD800423E8F;
			remoteInfo = Iakadir;
		};
		ED65036D2CF89FD900423E8F /* PBXContainerItemProxy */ = {
			isa = PBXContainerItemProxy;
			containerPortal = ED65034A2CF89FD700423E8F /* Project object */;
			proxyType = 1;
			remoteGlobalIDString = ED6503512CF89FD800423E8F;
			remoteInfo = Iakadir;
		};
/* End PBXContainerItemProxy section */

/* Begin PBXFileReference section */
		ED6503522CF89FD800423E8F /* Iakadir.app */ = {isa = PBXFileReference; explicitFileType = wrapper.application; includeInIndex = 0; path = Iakadir.app; sourceTree = BUILT_PRODUCTS_DIR; };
		ED6503622CF89FD900423E8F /* IakadirTests.xctest */ = {isa = PBXFileReference; explicitFileType = wrapper.cfbundle; includeInIndex = 0; path = IakadirTests.xctest; sourceTree = BUILT_PRODUCTS_DIR; };
		ED65036C2CF89FD900423E8F /* IakadirUITests.xctest */ = {isa = PBXFileReference; explicitFileType = wrapper.cfbundle; includeInIndex = 0; path = IakadirUITests.xctest; sourceTree = BUILT_PRODUCTS_DIR; };
/* End PBXFileReference section */

/* Begin PBXFileSystemSynchronizedRootGroup section */
		ED6503542CF89FD800423E8F /* Iakadir */ = {
			isa = PBXFileSystemSynchronizedRootGroup;
			path = Iakadir;
			sourceTree = "<group>";
		};
		ED6503652CF89FD900423E8F /* IakadirTests */ = {
			isa = PBXFileSystemSynchronizedRootGroup;
			path = IakadirTests;
			sourceTree = "<group>";
		};
		ED65036F2CF89FD900423E8F /* IakadirUITests */ = {
			isa = PBXFileSystemSynchronizedRootGroup;
			path = IakadirUITests;
			sourceTree = "<group>";
		};
/* End PBXFileSystemSynchronizedRootGroup section */

/* Begin PBXFrameworksBuildPhase section */
		ED65034F2CF89FD800423E8F /* Frameworks */ = {
			isa = PBXFrameworksBuildPhase;
			buildActionMask = 2147483647;
			files = (
				ED85CFD12D09A01100ED39FC /* PostgREST in Frameworks */,
				ED85CFCF2D09A01100ED39FC /* Functions in Frameworks */,
				ED85CFD72D09A01100ED39FC /* Supabase in Frameworks */,
				ED85CFCD2D09A01100ED39FC /* Auth in Frameworks */,
				ED85CFD52D09A01100ED39FC /* Storage in Frameworks */,
				ED85CFD32D09A01100ED39FC /* Realtime in Frameworks */,
			);
			runOnlyForDeploymentPostprocessing = 0;
		};
		ED65035F2CF89FD900423E8F /* Frameworks */ = {
			isa = PBXFrameworksBuildPhase;
			buildActionMask = 2147483647;
			files = (
			);
			runOnlyForDeploymentPostprocessing = 0;
		};
		ED6503692CF89FD900423E8F /* Frameworks */ = {
			isa = PBXFrameworksBuildPhase;
			buildActionMask = 2147483647;
			files = (
			);
			runOnlyForDeploymentPostprocessing = 0;
		};
/* End PBXFrameworksBuildPhase section */

/* Begin PBXGroup section */
		ED6503492CF89FD700423E8F = {
			isa = PBXGroup;
			children = (
				ED6503542CF89FD800423E8F /* Iakadir */,
				ED6503652CF89FD900423E8F /* IakadirTests */,
				ED65036F2CF89FD900423E8F /* IakadirUITests */,
				ED6503532CF89FD800423E8F /* Products */,
			);
			sourceTree = "<group>";
		};
		ED6503532CF89FD800423E8F /* Products */ = {
			isa = PBXGroup;
			children = (
				ED6503522CF89FD800423E8F /* Iakadir.app */,
				ED6503622CF89FD900423E8F /* IakadirTests.xctest */,
				ED65036C2CF89FD900423E8F /* IakadirUITests.xctest */,
			);
			name = Products;
			sourceTree = "<group>";
		};
/* End PBXGroup section */

/* Begin PBXNativeTarget section */
		ED6503512CF89FD800423E8F /* Iakadir */ = {
			isa = PBXNativeTarget;
			buildConfigurationList = ED6503762CF89FD900423E8F /* Build configuration list for PBXNativeTarget "Iakadir" */;
			buildPhases = (
				ED65034E2CF89FD800423E8F /* Sources */,
				ED65034F2CF89FD800423E8F /* Frameworks */,
				ED6503502CF89FD800423E8F /* Resources */,
			);
			buildRules = (
			);
			dependencies = (
			);
			fileSystemSynchronizedGroups = (
				ED6503542CF89FD800423E8F /* Iakadir */,
			);
			name = Iakadir;
			packageProductDependencies = (
				ED85CFCC2D09A01100ED39FC /* Auth */,
				ED85CFCE2D09A01100ED39FC /* Functions */,
				ED85CFD02D09A01100ED39FC /* PostgREST */,
				ED85CFD22D09A01100ED39FC /* Realtime */,
				ED85CFD42D09A01100ED39FC /* Storage */,
				ED85CFD62D09A01100ED39FC /* Supabase */,
			);
			productName = Iakadir;
			productReference = ED6503522CF89FD800423E8F /* Iakadir.app */;
			productType = "com.apple.product-type.application";
		};
		ED6503612CF89FD900423E8F /* IakadirTests */ = {
			isa = PBXNativeTarget;
			buildConfigurationList = ED6503792CF89FD900423E8F /* Build configuration list for PBXNativeTarget "IakadirTests" */;
			buildPhases = (
				ED65035E2CF89FD900423E8F /* Sources */,
				ED65035F2CF89FD900423E8F /* Frameworks */,
				ED6503602CF89FD900423E8F /* Resources */,
			);
			buildRules = (
			);
			dependencies = (
				ED6503642CF89FD900423E8F /* PBXTargetDependency */,
			);
			fileSystemSynchronizedGroups = (
				ED6503652CF89FD900423E8F /* IakadirTests */,
			);
			name = IakadirTests;
			packageProductDependencies = (
			);
			productName = IakadirTests;
			productReference = ED6503622CF89FD900423E8F /* IakadirTests.xctest */;
			productType = "com.apple.product-type.bundle.unit-test";
		};
		ED65036B2CF89FD900423E8F /* IakadirUITests */ = {
			isa = PBXNativeTarget;
			buildConfigurationList = ED65037C2CF89FD900423E8F /* Build configuration list for PBXNativeTarget "IakadirUITests" */;
			buildPhases = (
				ED6503682CF89FD900423E8F /* Sources */,
				ED6503692CF89FD900423E8F /* Frameworks */,
				ED65036A2CF89FD900423E8F /* Resources */,
			);
			buildRules = (
			);
			dependencies = (
				ED65036E2CF89FD900423E8F /* PBXTargetDependency */,
			);
			fileSystemSynchronizedGroups = (
				ED65036F2CF89FD900423E8F /* IakadirUITests */,
			);
			name = IakadirUITests;
			packageProductDependencies = (
			);
			productName = IakadirUITests;
			productReference = ED65036C2CF89FD900423E8F /* IakadirUITests.xctest */;
			productType = "com.apple.product-type.bundle.ui-testing";
		};
/* End PBXNativeTarget section */

/* Begin PBXProject section */
		ED65034A2CF89FD700423E8F /* Project object */ = {
			isa = PBXProject;
			attributes = {
				BuildIndependentTargetsInParallel = 1;
				LastSwiftUpdateCheck = 1610;
				LastUpgradeCheck = 1610;
				TargetAttributes = {
					ED6503512CF89FD800423E8F = {
						CreatedOnToolsVersion = 16.1;
					};
					ED6503612CF89FD900423E8F = {
						CreatedOnToolsVersion = 16.1;
						TestTargetID = ED6503512CF89FD800423E8F;
					};
					ED65036B2CF89FD900423E8F = {
						CreatedOnToolsVersion = 16.1;
						TestTargetID = ED6503512CF89FD800423E8F;
					};
				};
			};
			buildConfigurationList = ED65034D2CF89FD700423E8F /* Build configuration list for PBXProject "Iakadir" */;
			developmentRegion = en;
			hasScannedForEncodings = 0;
			knownRegions = (
				en,
				Base,
			);
			mainGroup = ED6503492CF89FD700423E8F;
			minimizedProjectReferenceProxies = 1;
			packageReferences = (
				ED85CFC82D099DBD00ED39FC /* XCRemoteSwiftPackageReference "supabase-swift" */,
			);
			preferredProjectObjectVersion = 77;
			productRefGroup = ED6503532CF89FD800423E8F /* Products */;
			projectDirPath = "";
			projectRoot = "";
			targets = (
				ED6503512CF89FD800423E8F /* Iakadir */,
				ED6503612CF89FD900423E8F /* IakadirTests */,
				ED65036B2CF89FD900423E8F /* IakadirUITests */,
			);
		};
/* End PBXProject section */

/* Begin PBXResourcesBuildPhase section */
		ED6503502CF89FD800423E8F /* Resources */ = {
			isa = PBXResourcesBuildPhase;
			buildActionMask = 2147483647;
			files = (
			);
			runOnlyForDeploymentPostprocessing = 0;
		};
		ED6503602CF89FD900423E8F /* Resources */ = {
			isa = PBXResourcesBuildPhase;
			buildActionMask = 2147483647;
			files = (
			);
			runOnlyForDeploymentPostprocessing = 0;
		};
		ED65036A2CF89FD900423E8F /* Resources */ = {
			isa = PBXResourcesBuildPhase;
			buildActionMask = 2147483647;
			files = (
			);
			runOnlyForDeploymentPostprocessing = 0;
		};
/* End PBXResourcesBuildPhase section */

/* Begin PBXSourcesBuildPhase section */
		ED65034E2CF89FD800423E8F /* Sources */ = {
			isa = PBXSourcesBuildPhase;
			buildActionMask = 2147483647;
			files = (
			);
			runOnlyForDeploymentPostprocessing = 0;
		};
		ED65035E2CF89FD900423E8F /* Sources */ = {
			isa = PBXSourcesBuildPhase;
			buildActionMask = 2147483647;
			files = (
			);
			runOnlyForDeploymentPostprocessing = 0;
		};
		ED6503682CF89FD900423E8F /* Sources */ = {
			isa = PBXSourcesBuildPhase;
			buildActionMask = 2147483647;
			files = (
			);
			runOnlyForDeploymentPostprocessing = 0;
		};
/* End PBXSourcesBuildPhase section */

/* Begin PBXTargetDependency section */
		ED6503642CF89FD900423E8F /* PBXTargetDependency */ = {
			isa = PBXTargetDependency;
			target = ED6503512CF89FD800423E8F /* Iakadir */;
			targetProxy = ED6503632CF89FD900423E8F /* PBXContainerItemProxy */;
		};
		ED65036E2CF89FD900423E8F /* PBXTargetDependency */ = {
			isa = PBXTargetDependency;
			target = ED6503512CF89FD800423E8F /* Iakadir */;
			targetProxy = ED65036D2CF89FD900423E8F /* PBXContainerItemProxy */;
		};
/* End PBXTargetDependency section */

/* Begin XCBuildConfiguration section */
		ED6503742CF89FD900423E8F /* Debug */ = {
			isa = XCBuildConfiguration;
			baseConfigurationReferenceAnchor = ED6503542CF89FD800423E8F /* Iakadir */;
			baseConfigurationReferenceRelativePath = BaseConfig.xcconfig;
			buildSettings = {
				ALWAYS_SEARCH_USER_PATHS = NO;
				ASSETCATALOG_COMPILER_GENERATE_SWIFT_ASSET_SYMBOL_EXTENSIONS = YES;
				CLANG_ANALYZER_NONNULL = YES;
				CLANG_ANALYZER_NUMBER_OBJECT_CONVERSION = YES_AGGRESSIVE;
				CLANG_CXX_LANGUAGE_STANDARD = "gnu++20";
				CLANG_ENABLE_MODULES = YES;
				CLANG_ENABLE_OBJC_ARC = YES;
				CLANG_ENABLE_OBJC_WEAK = YES;
				CLANG_WARN_BLOCK_CAPTURE_AUTORELEASING = YES;
				CLANG_WARN_BOOL_CONVERSION = YES;
				CLANG_WARN_COMMA = YES;
				CLANG_WARN_CONSTANT_CONVERSION = YES;
				CLANG_WARN_DEPRECATED_OBJC_IMPLEMENTATIONS = YES;
				CLANG_WARN_DIRECT_OBJC_ISA_USAGE = YES_ERROR;
				CLANG_WARN_DOCUMENTATION_COMMENTS = YES;
				CLANG_WARN_EMPTY_BODY = YES;
				CLANG_WARN_ENUM_CONVERSION = YES;
				CLANG_WARN_INFINITE_RECURSION = YES;
				CLANG_WARN_INT_CONVERSION = YES;
				CLANG_WARN_NON_LITERAL_NULL_CONVERSION = YES;
				CLANG_WARN_OBJC_IMPLICIT_RETAIN_SELF = YES;
				CLANG_WARN_OBJC_LITERAL_CONVERSION = YES;
				CLANG_WARN_OBJC_ROOT_CLASS = YES_ERROR;
				CLANG_WARN_QUOTED_INCLUDE_IN_FRAMEWORK_HEADER = YES;
				CLANG_WARN_RANGE_LOOP_ANALYSIS = YES;
				CLANG_WARN_STRICT_PROTOTYPES = YES;
				CLANG_WARN_SUSPICIOUS_MOVE = YES;
				CLANG_WARN_UNGUARDED_AVAILABILITY = YES_AGGRESSIVE;
				CLANG_WARN_UNREACHABLE_CODE = YES;
				CLANG_WARN__DUPLICATE_METHOD_MATCH = YES;
				COPY_PHASE_STRIP = NO;
				DEBUG_INFORMATION_FORMAT = dwarf;
				ENABLE_STRICT_OBJC_MSGSEND = YES;
				ENABLE_TESTABILITY = YES;
				ENABLE_USER_SCRIPT_SANDBOXING = YES;
				GCC_C_LANGUAGE_STANDARD = gnu17;
				GCC_DYNAMIC_NO_PIC = NO;
				GCC_NO_COMMON_BLOCKS = YES;
				GCC_OPTIMIZATION_LEVEL = 0;
				GCC_PREPROCESSOR_DEFINITIONS = (
					"DEBUG=1",
					"$(inherited)",
				);
				GCC_WARN_64_TO_32_BIT_CONVERSION = YES;
				GCC_WARN_ABOUT_RETURN_TYPE = YES_ERROR;
				GCC_WARN_UNDECLARED_SELECTOR = YES;
				GCC_WARN_UNINITIALIZED_AUTOS = YES_AGGRESSIVE;
				GCC_WARN_UNUSED_FUNCTION = YES;
				GCC_WARN_UNUSED_VARIABLE = YES;
				IPHONEOS_DEPLOYMENT_TARGET = 18.1;
				LOCALIZATION_PREFERS_STRING_CATALOGS = YES;
				MTL_ENABLE_DEBUG_INFO = INCLUDE_SOURCE;
				MTL_FAST_MATH = YES;
				ONLY_ACTIVE_ARCH = YES;
				SDKROOT = iphoneos;
				SWIFT_ACTIVE_COMPILATION_CONDITIONS = "DEBUG $(inherited)";
				SWIFT_OPTIMIZATION_LEVEL = "-Onone";
			};
			name = Debug;
		};
		ED6503752CF89FD900423E8F /* Release */ = {
			isa = XCBuildConfiguration;
			baseConfigurationReferenceAnchor = ED6503542CF89FD800423E8F /* Iakadir */;
			baseConfigurationReferenceRelativePath = BaseConfig.xcconfig;
			buildSettings = {
				ALWAYS_SEARCH_USER_PATHS = NO;
				ASSETCATALOG_COMPILER_GENERATE_SWIFT_ASSET_SYMBOL_EXTENSIONS = YES;
				CLANG_ANALYZER_NONNULL = YES;
				CLANG_ANALYZER_NUMBER_OBJECT_CONVERSION = YES_AGGRESSIVE;
				CLANG_CXX_LANGUAGE_STANDARD = "gnu++20";
				CLANG_ENABLE_MODULES = YES;
				CLANG_ENABLE_OBJC_ARC = YES;
				CLANG_ENABLE_OBJC_WEAK = YES;
				CLANG_WARN_BLOCK_CAPTURE_AUTORELEASING = YES;
				CLANG_WARN_BOOL_CONVERSION = YES;
				CLANG_WARN_COMMA = YES;
				CLANG_WARN_CONSTANT_CONVERSION = YES;
				CLANG_WARN_DEPRECATED_OBJC_IMPLEMENTATIONS = YES;
				CLANG_WARN_DIRECT_OBJC_ISA_USAGE = YES_ERROR;
				CLANG_WARN_DOCUMENTATION_COMMENTS = YES;
				CLANG_WARN_EMPTY_BODY = YES;
				CLANG_WARN_ENUM_CONVERSION = YES;
				CLANG_WARN_INFINITE_RECURSION = YES;
				CLANG_WARN_INT_CONVERSION = YES;
				CLANG_WARN_NON_LITERAL_NULL_CONVERSION = YES;
				CLANG_WARN_OBJC_IMPLICIT_RETAIN_SELF = YES;
				CLANG_WARN_OBJC_LITERAL_CONVERSION = YES;
				CLANG_WARN_OBJC_ROOT_CLASS = YES_ERROR;
				CLANG_WARN_QUOTED_INCLUDE_IN_FRAMEWORK_HEADER = YES;
				CLANG_WARN_RANGE_LOOP_ANALYSIS = YES;
				CLANG_WARN_STRICT_PROTOTYPES = YES;
				CLANG_WARN_SUSPICIOUS_MOVE = YES;
				CLANG_WARN_UNGUARDED_AVAILABILITY = YES_AGGRESSIVE;
				CLANG_WARN_UNREACHABLE_CODE = YES;
				CLANG_WARN__DUPLICATE_METHOD_MATCH = YES;
				COPY_PHASE_STRIP = NO;
				DEBUG_INFORMATION_FORMAT = "dwarf-with-dsym";
				ENABLE_NS_ASSERTIONS = NO;
				ENABLE_STRICT_OBJC_MSGSEND = YES;
				ENABLE_USER_SCRIPT_SANDBOXING = YES;
				GCC_C_LANGUAGE_STANDARD = gnu17;
				GCC_NO_COMMON_BLOCKS = YES;
				GCC_WARN_64_TO_32_BIT_CONVERSION = YES;
				GCC_WARN_ABOUT_RETURN_TYPE = YES_ERROR;
				GCC_WARN_UNDECLARED_SELECTOR = YES;
				GCC_WARN_UNINITIALIZED_AUTOS = YES_AGGRESSIVE;
				GCC_WARN_UNUSED_FUNCTION = YES;
				GCC_WARN_UNUSED_VARIABLE = YES;
				IPHONEOS_DEPLOYMENT_TARGET = 18.1;
				LOCALIZATION_PREFERS_STRING_CATALOGS = YES;
				MTL_ENABLE_DEBUG_INFO = NO;
				MTL_FAST_MATH = YES;
				SDKROOT = iphoneos;
				SWIFT_COMPILATION_MODE = wholemodule;
				VALIDATE_PRODUCT = YES;
			};
			name = Release;
		};
		ED6503772CF89FD900423E8F /* Debug */ = {
			isa = XCBuildConfiguration;
			baseConfigurationReferenceAnchor = ED6503542CF89FD800423E8F /* Iakadir */;
			baseConfigurationReferenceRelativePath = BaseConfig.xcconfig;
			buildSettings = {
				ASSETCATALOG_COMPILER_APPICON_NAME = AppIcon;
				ASSETCATALOG_COMPILER_GLOBAL_ACCENT_COLOR_NAME = AccentColor;
				CODE_SIGN_STYLE = Automatic;
				CURRENT_PROJECT_VERSION = 1;
				DEVELOPMENT_ASSET_PATHS = "\"Iakadir/Preview Content\"";
				ENABLE_PREVIEWS = YES;
				GENERATE_INFOPLIST_FILE = YES;
				INFOPLIST_KEY_UIApplicationSceneManifest_Generation = YES;
				INFOPLIST_KEY_UIApplicationSupportsIndirectInputEvents = YES;
				INFOPLIST_KEY_UILaunchScreen_Generation = YES;
				INFOPLIST_KEY_UISupportedInterfaceOrientations_iPad = "UIInterfaceOrientationPortrait UIInterfaceOrientationPortraitUpsideDown UIInterfaceOrientationLandscapeLeft UIInterfaceOrientationLandscapeRight";
				INFOPLIST_KEY_UISupportedInterfaceOrientations_iPhone = "UIInterfaceOrientationPortrait UIInterfaceOrientationLandscapeLeft UIInterfaceOrientationLandscapeRight";
				LD_RUNPATH_SEARCH_PATHS = (
					"$(inherited)",
					"@executable_path/Frameworks",
				);
				MARKETING_VERSION = 1.0;
				PRODUCT_BUNDLE_IDENTIFIER = nay.mereden.Iakadir;
				PRODUCT_NAME = "$(TARGET_NAME)";
				SWIFT_EMIT_LOC_STRINGS = YES;
				SWIFT_VERSION = 5.0;
				TARGETED_DEVICE_FAMILY = "1,2";
			};
			name = Debug;
		};
		ED6503782CF89FD900423E8F /* Release */ = {
			isa = XCBuildConfiguration;
			baseConfigurationReferenceAnchor = ED6503542CF89FD800423E8F /* Iakadir */;
			baseConfigurationReferenceRelativePath = BaseConfig.xcconfig;
			buildSettings = {
				ASSETCATALOG_COMPILER_APPICON_NAME = AppIcon;
				ASSETCATALOG_COMPILER_GLOBAL_ACCENT_COLOR_NAME = AccentColor;
				CODE_SIGN_STYLE = Automatic;
				CURRENT_PROJECT_VERSION = 1;
				DEVELOPMENT_ASSET_PATHS = "\"Iakadir/Preview Content\"";
				ENABLE_PREVIEWS = YES;
				GENERATE_INFOPLIST_FILE = YES;
				INFOPLIST_KEY_UIApplicationSceneManifest_Generation = YES;
				INFOPLIST_KEY_UIApplicationSupportsIndirectInputEvents = YES;
				INFOPLIST_KEY_UILaunchScreen_Generation = YES;
				INFOPLIST_KEY_UISupportedInterfaceOrientations_iPad = "UIInterfaceOrientationPortrait UIInterfaceOrientationPortraitUpsideDown UIInterfaceOrientationLandscapeLeft UIInterfaceOrientationLandscapeRight";
				INFOPLIST_KEY_UISupportedInterfaceOrientations_iPhone = "UIInterfaceOrientationPortrait UIInterfaceOrientationLandscapeLeft UIInterfaceOrientationLandscapeRight";
				LD_RUNPATH_SEARCH_PATHS = (
					"$(inherited)",
					"@executable_path/Frameworks",
				);
				MARKETING_VERSION = 1.0;
				PRODUCT_BUNDLE_IDENTIFIER = nay.mereden.Iakadir;
				PRODUCT_NAME = "$(TARGET_NAME)";
				SWIFT_EMIT_LOC_STRINGS = YES;
				SWIFT_VERSION = 5.0;
				TARGETED_DEVICE_FAMILY = "1,2";
			};
			name = Release;
		};
		ED65037A2CF89FD900423E8F /* Debug */ = {
			isa = XCBuildConfiguration;
			baseConfigurationReferenceAnchor = ED6503542CF89FD800423E8F /* Iakadir */;
			baseConfigurationReferenceRelativePath = BaseConfig.xcconfig;
			buildSettings = {
				BUNDLE_LOADER = "$(TEST_HOST)";
				CODE_SIGN_STYLE = Automatic;
				CURRENT_PROJECT_VERSION = 1;
				GENERATE_INFOPLIST_FILE = YES;
				IPHONEOS_DEPLOYMENT_TARGET = 18.1;
				MARKETING_VERSION = 1.0;
				PRODUCT_BUNDLE_IDENTIFIER = nay.mereden.IakadirTests;
				PRODUCT_NAME = "$(TARGET_NAME)";
				SWIFT_EMIT_LOC_STRINGS = NO;
				SWIFT_VERSION = 5.0;
				TARGETED_DEVICE_FAMILY = "1,2";
				TEST_HOST = "$(BUILT_PRODUCTS_DIR)/Iakadir.app/$(BUNDLE_EXECUTABLE_FOLDER_PATH)/Iakadir";
			};
			name = Debug;
		};
		ED65037B2CF89FD900423E8F /* Release */ = {
			isa = XCBuildConfiguration;
			baseConfigurationReferenceAnchor = ED6503542CF89FD800423E8F /* Iakadir */;
			baseConfigurationReferenceRelativePath = BaseConfig.xcconfig;
			buildSettings = {
				BUNDLE_LOADER = "$(TEST_HOST)";
				CODE_SIGN_STYLE = Automatic;
				CURRENT_PROJECT_VERSION = 1;
				GENERATE_INFOPLIST_FILE = YES;
				IPHONEOS_DEPLOYMENT_TARGET = 18.1;
				MARKETING_VERSION = 1.0;
				PRODUCT_BUNDLE_IDENTIFIER = nay.mereden.IakadirTests;
				PRODUCT_NAME = "$(TARGET_NAME)";
				SWIFT_EMIT_LOC_STRINGS = NO;
				SWIFT_VERSION = 5.0;
				TARGETED_DEVICE_FAMILY = "1,2";
				TEST_HOST = "$(BUILT_PRODUCTS_DIR)/Iakadir.app/$(BUNDLE_EXECUTABLE_FOLDER_PATH)/Iakadir";
			};
			name = Release;
		};
		ED65037D2CF89FD900423E8F /* Debug */ = {
			isa = XCBuildConfiguration;
			baseConfigurationReferenceAnchor = ED6503542CF89FD800423E8F /* Iakadir */;
			baseConfigurationReferenceRelativePath = BaseConfig.xcconfig;
			buildSettings = {
				CODE_SIGN_STYLE = Automatic;
				CURRENT_PROJECT_VERSION = 1;
				GENERATE_INFOPLIST_FILE = YES;
				MARKETING_VERSION = 1.0;
				PRODUCT_BUNDLE_IDENTIFIER = nay.mereden.IakadirUITests;
				PRODUCT_NAME = "$(TARGET_NAME)";
				SWIFT_EMIT_LOC_STRINGS = NO;
				SWIFT_VERSION = 5.0;
				TARGETED_DEVICE_FAMILY = "1,2";
				TEST_TARGET_NAME = Iakadir;
			};
			name = Debug;
		};
		ED65037E2CF89FD900423E8F /* Release */ = {
			isa = XCBuildConfiguration;
			baseConfigurationReferenceAnchor = ED6503542CF89FD800423E8F /* Iakadir */;
			baseConfigurationReferenceRelativePath = BaseConfig.xcconfig;
			buildSettings = {
				CODE_SIGN_STYLE = Automatic;
				CURRENT_PROJECT_VERSION = 1;
				GENERATE_INFOPLIST_FILE = YES;
				MARKETING_VERSION = 1.0;
				PRODUCT_BUNDLE_IDENTIFIER = nay.mereden.IakadirUITests;
				PRODUCT_NAME = "$(TARGET_NAME)";
				SWIFT_EMIT_LOC_STRINGS = NO;
				SWIFT_VERSION = 5.0;
				TARGETED_DEVICE_FAMILY = "1,2";
				TEST_TARGET_NAME = Iakadir;
			};
			name = Release;
		};
/* End XCBuildConfiguration section */

/* Begin XCConfigurationList section */
		ED65034D2CF89FD700423E8F /* Build configuration list for PBXProject "Iakadir" */ = {
			isa = XCConfigurationList;
			buildConfigurations = (
				ED6503742CF89FD900423E8F /* Debug */,
				ED6503752CF89FD900423E8F /* Release */,
			);
			defaultConfigurationIsVisible = 0;
			defaultConfigurationName = Release;
		};
		ED6503762CF89FD900423E8F /* Build configuration list for PBXNativeTarget "Iakadir" */ = {
			isa = XCConfigurationList;
			buildConfigurations = (
				ED6503772CF89FD900423E8F /* Debug */,
				ED6503782CF89FD900423E8F /* Release */,
			);
			defaultConfigurationIsVisible = 0;
			defaultConfigurationName = Release;
		};
		ED6503792CF89FD900423E8F /* Build configuration list for PBXNativeTarget "IakadirTests" */ = {
			isa = XCConfigurationList;
			buildConfigurations = (
				ED65037A2CF89FD900423E8F /* Debug */,
				ED65037B2CF89FD900423E8F /* Release */,
			);
			defaultConfigurationIsVisible = 0;
			defaultConfigurationName = Release;
		};
		ED65037C2CF89FD900423E8F /* Build configuration list for PBXNativeTarget "IakadirUITests" */ = {
			isa = XCConfigurationList;
			buildConfigurations = (
				ED65037D2CF89FD900423E8F /* Debug */,
				ED65037E2CF89FD900423E8F /* Release */,
			);
			defaultConfigurationIsVisible = 0;
			defaultConfigurationName = Release;
		};
/* End XCConfigurationList section */

/* Begin XCRemoteSwiftPackageReference section */
		ED85CFC82D099DBD00ED39FC /* XCRemoteSwiftPackageReference "supabase-swift" */ = {
			isa = XCRemoteSwiftPackageReference;
			repositoryURL = "https://github.com/supabase/supabase-swift.git";
			requirement = {
				kind = upToNextMajorVersion;
				minimumVersion = 2.5.1;
			};
		};
/* End XCRemoteSwiftPackageReference section */

/* Begin XCSwiftPackageProductDependency section */
		ED85CFCC2D09A01100ED39FC /* Auth */ = {
			isa = XCSwiftPackageProductDependency;
			package = ED85CFC82D099DBD00ED39FC /* XCRemoteSwiftPackageReference "supabase-swift" */;
			productName = Auth;
		};
		ED85CFCE2D09A01100ED39FC /* Functions */ = {
			isa = XCSwiftPackageProductDependency;
			package = ED85CFC82D099DBD00ED39FC /* XCRemoteSwiftPackageReference "supabase-swift" */;
			productName = Functions;
		};
		ED85CFD02D09A01100ED39FC /* PostgREST */ = {
			isa = XCSwiftPackageProductDependency;
			package = ED85CFC82D099DBD00ED39FC /* XCRemoteSwiftPackageReference "supabase-swift" */;
			productName = PostgREST;
		};
		ED85CFD22D09A01100ED39FC /* Realtime */ = {
			isa = XCSwiftPackageProductDependency;
			package = ED85CFC82D099DBD00ED39FC /* XCRemoteSwiftPackageReference "supabase-swift" */;
			productName = Realtime;
		};
		ED85CFD42D09A01100ED39FC /* Storage */ = {
			isa = XCSwiftPackageProductDependency;
			package = ED85CFC82D099DBD00ED39FC /* XCRemoteSwiftPackageReference "supabase-swift" */;
			productName = Storage;
		};
		ED85CFD62D09A01100ED39FC /* Supabase */ = {
			isa = XCSwiftPackageProductDependency;
			package = ED85CFC82D099DBD00ED39FC /* XCRemoteSwiftPackageReference "supabase-swift" */;
			productName = Supabase;
		};
/* End XCSwiftPackageProductDependency section */
	};
	rootObject = ED65034A2CF89FD700423E8F /* Project object */;
}
